// !$*UTF8*$!
{
	archiveVersion = 1;
	classes = {
	};
	objectVersion = 55;
	objects = {

/* Begin PBXBuildFile section */
		2D343F1C28046A2700772908 /* AppDelegate.swift in Sources */ = {isa = PBXBuildFile; fileRef = 2D343F1B28046A2700772908 /* AppDelegate.swift */; };
		2D343F2528046A2700772908 /* Assets.xcassets in Resources */ = {isa = PBXBuildFile; fileRef = 2D343F2428046A2700772908 /* Assets.xcassets */; };
		2D343F2828046A2700772908 /* LaunchScreen.storyboard in Resources */ = {isa = PBXBuildFile; fileRef = 2D343F2628046A2700772908 /* LaunchScreen.storyboard */; };
		2D343F3628046B8E00772908 /* GamesListTableViewController.swift in Sources */ = {isa = PBXBuildFile; fileRef = 2D343F3528046B8E00772908 /* GamesListTableViewController.swift */; };
		2D343F3E28046E9100772908 /* GamesListViewModel.swift in Sources */ = {isa = PBXBuildFile; fileRef = 2D343F3D28046E9100772908 /* GamesListViewModel.swift */; };
		2D343F4028046EA900772908 /* GameViewModel.swift in Sources */ = {isa = PBXBuildFile; fileRef = 2D343F3F28046EA900772908 /* GameViewModel.swift */; };
		2D343F4328046F6400772908 /* Constants.swift in Sources */ = {isa = PBXBuildFile; fileRef = 2D343F4228046F6400772908 /* Constants.swift */; };
		2D343F4628046FE800772908 /* GameTableCell.swift in Sources */ = {isa = PBXBuildFile; fileRef = 2D343F4528046FE800772908 /* GameTableCell.swift */; };
		2D343F4D2804718C00772908 /* UIView+Ext.swift in Sources */ = {isa = PBXBuildFile; fileRef = 2D343F4C2804718C00772908 /* UIView+Ext.swift */; };
		2D343F502804728500772908 /* AppTheme.swift in Sources */ = {isa = PBXBuildFile; fileRef = 2D343F4F2804728500772908 /* AppTheme.swift */; };
		2D343F642804882600772908 /* SF Pro Display Medium.ttf in Resources */ = {isa = PBXBuildFile; fileRef = 2D343F632804882600772908 /* SF Pro Display Medium.ttf */; };
		2D343F662804886E00772908 /* SF Pro Display Regular.ttf in Resources */ = {isa = PBXBuildFile; fileRef = 2D343F652804886E00772908 /* SF Pro Display Regular.ttf */; };
		2D343F682804889600772908 /* SF Pro Display Bold.ttf in Resources */ = {isa = PBXBuildFile; fileRef = 2D343F672804889600772908 /* SF Pro Display Bold.ttf */; };
		2D343F6B2804893500772908 /* WebService.swift in Sources */ = {isa = PBXBuildFile; fileRef = 2D343F6A2804893500772908 /* WebService.swift */; };
		2D343F6D2804B3DC00772908 /* State.swift in Sources */ = {isa = PBXBuildFile; fileRef = 2D343F6C2804B3DC00772908 /* State.swift */; };
		2D343F702804B41D00772908 /* Game.swift in Sources */ = {isa = PBXBuildFile; fileRef = 2D343F6F2804B41D00772908 /* Game.swift */; };
		2D343F7A2804B9CE00772908 /* UIViewController + Ext.swift in Sources */ = {isa = PBXBuildFile; fileRef = 2D343F792804B9CE00772908 /* UIViewController + Ext.swift */; };
		2D343F7C2804BA7F00772908 /* GameListWebService.swift in Sources */ = {isa = PBXBuildFile; fileRef = 2D343F7B2804BA7F00772908 /* GameListWebService.swift */; };
		2D343F7E2804BA9700772908 /* Resources.swift in Sources */ = {isa = PBXBuildFile; fileRef = 2D343F7D2804BA9700772908 /* Resources.swift */; };
		2DAD105F2804EA7B0000ECC3 /* MainTabBarController.swift in Sources */ = {isa = PBXBuildFile; fileRef = 2DAD105E2804EA7B0000ECC3 /* MainTabBarController.swift */; };
		2DAD10632804EF4B0000ECC3 /* GameDetailsViewController.swift in Sources */ = {isa = PBXBuildFile; fileRef = 2DAD10622804EF4B0000ECC3 /* GameDetailsViewController.swift */; };
		2DAD10692804FD1E0000ECC3 /* GameDetailsViewModel.swift in Sources */ = {isa = PBXBuildFile; fileRef = 2DAD10682804FD1E0000ECC3 /* GameDetailsViewModel.swift */; };
		2DAD106C28051FEF0000ECC3 /* ButtonView.swift in Sources */ = {isa = PBXBuildFile; fileRef = 2DAD106B28051FEF0000ECC3 /* ButtonView.swift */; };
		2DAD106E28052E240000ECC3 /* GameDetails.swift in Sources */ = {isa = PBXBuildFile; fileRef = 2DAD106D28052E240000ECC3 /* GameDetails.swift */; };
		2DAD107228053B790000ECC3 /* Data+Ext.swift in Sources */ = {isa = PBXBuildFile; fileRef = 2DAD107128053B790000ECC3 /* Data+Ext.swift */; };
		2DAD107628053DBC0000ECC3 /* Persistence.swift in Sources */ = {isa = PBXBuildFile; fileRef = 2DAD107528053DBC0000ECC3 /* Persistence.swift */; };
		2DFA17372804D353004D57A8 /* URLManger.swift in Sources */ = {isa = PBXBuildFile; fileRef = 2DFA17362804D353004D57A8 /* URLManger.swift */; };
		2DFA17392804D3EA004D57A8 /* GameResources.swift in Sources */ = {isa = PBXBuildFile; fileRef = 2DFA17382804D3EA004D57A8 /* GameResources.swift */; };
		2DFA173B2804DEA9004D57A8 /* UIImageView+Ext.swift in Sources */ = {isa = PBXBuildFile; fileRef = 2DFA173A2804DEA9004D57A8 /* UIImageView+Ext.swift */; };
/* End PBXBuildFile section */

/* Begin PBXFileReference section */
		2D343F1828046A2700772908 /* GamyGammes.app */ = {isa = PBXFileReference; explicitFileType = wrapper.application; includeInIndex = 0; path = GamyGammes.app; sourceTree = BUILT_PRODUCTS_DIR; };
		2D343F1B28046A2700772908 /* AppDelegate.swift */ = {isa = PBXFileReference; lastKnownFileType = sourcecode.swift; path = AppDelegate.swift; sourceTree = "<group>"; };
		2D343F2428046A2700772908 /* Assets.xcassets */ = {isa = PBXFileReference; lastKnownFileType = folder.assetcatalog; path = Assets.xcassets; sourceTree = "<group>"; };
		2D343F2728046A2700772908 /* Base */ = {isa = PBXFileReference; lastKnownFileType = file.storyboard; name = Base; path = Base.lproj/LaunchScreen.storyboard; sourceTree = "<group>"; };
		2D343F2928046A2700772908 /* Info.plist */ = {isa = PBXFileReference; lastKnownFileType = text.plist.xml; path = Info.plist; sourceTree = "<group>"; };
		2D343F3528046B8E00772908 /* GamesListTableViewController.swift */ = {isa = PBXFileReference; lastKnownFileType = sourcecode.swift; path = GamesListTableViewController.swift; sourceTree = "<group>"; };
		2D343F3D28046E9100772908 /* GamesListViewModel.swift */ = {isa = PBXFileReference; lastKnownFileType = sourcecode.swift; path = GamesListViewModel.swift; sourceTree = "<group>"; };
		2D343F3F28046EA900772908 /* GameViewModel.swift */ = {isa = PBXFileReference; lastKnownFileType = sourcecode.swift; path = GameViewModel.swift; sourceTree = "<group>"; };
		2D343F4228046F6400772908 /* Constants.swift */ = {isa = PBXFileReference; lastKnownFileType = sourcecode.swift; path = Constants.swift; sourceTree = "<group>"; };
		2D343F4528046FE800772908 /* GameTableCell.swift */ = {isa = PBXFileReference; lastKnownFileType = sourcecode.swift; path = GameTableCell.swift; sourceTree = "<group>"; };
		2D343F4C2804718C00772908 /* UIView+Ext.swift */ = {isa = PBXFileReference; lastKnownFileType = sourcecode.swift; path = "UIView+Ext.swift"; sourceTree = "<group>"; };
		2D343F4F2804728500772908 /* AppTheme.swift */ = {isa = PBXFileReference; lastKnownFileType = sourcecode.swift; path = AppTheme.swift; sourceTree = "<group>"; };
		2D343F632804882600772908 /* SF Pro Display Medium.ttf */ = {isa = PBXFileReference; lastKnownFileType = file; path = "SF Pro Display Medium.ttf"; sourceTree = "<group>"; };
		2D343F652804886E00772908 /* SF Pro Display Regular.ttf */ = {isa = PBXFileReference; lastKnownFileType = file; path = "SF Pro Display Regular.ttf"; sourceTree = "<group>"; };
		2D343F672804889600772908 /* SF Pro Display Bold.ttf */ = {isa = PBXFileReference; lastKnownFileType = file; path = "SF Pro Display Bold.ttf"; sourceTree = "<group>"; };
		2D343F6A2804893500772908 /* WebService.swift */ = {isa = PBXFileReference; lastKnownFileType = sourcecode.swift; path = WebService.swift; sourceTree = "<group>"; };
		2D343F6C2804B3DC00772908 /* State.swift */ = {isa = PBXFileReference; lastKnownFileType = sourcecode.swift; path = State.swift; sourceTree = "<group>"; };
		2D343F6F2804B41D00772908 /* Game.swift */ = {isa = PBXFileReference; lastKnownFileType = sourcecode.swift; path = Game.swift; sourceTree = "<group>"; };
		2D343F792804B9CE00772908 /* UIViewController + Ext.swift */ = {isa = PBXFileReference; lastKnownFileType = sourcecode.swift; path = "UIViewController + Ext.swift"; sourceTree = "<group>"; };
		2D343F7B2804BA7F00772908 /* GameListWebService.swift */ = {isa = PBXFileReference; lastKnownFileType = sourcecode.swift; path = GameListWebService.swift; sourceTree = "<group>"; };
		2D343F7D2804BA9700772908 /* Resources.swift */ = {isa = PBXFileReference; lastKnownFileType = sourcecode.swift; path = Resources.swift; sourceTree = "<group>"; };
		2DAD105E2804EA7B0000ECC3 /* MainTabBarController.swift */ = {isa = PBXFileReference; lastKnownFileType = sourcecode.swift; path = MainTabBarController.swift; sourceTree = "<group>"; };
		2DAD10622804EF4B0000ECC3 /* GameDetailsViewController.swift */ = {isa = PBXFileReference; lastKnownFileType = sourcecode.swift; path = GameDetailsViewController.swift; sourceTree = "<group>"; };
		2DAD10682804FD1E0000ECC3 /* GameDetailsViewModel.swift */ = {isa = PBXFileReference; lastKnownFileType = sourcecode.swift; path = GameDetailsViewModel.swift; sourceTree = "<group>"; };
		2DAD106B28051FEF0000ECC3 /* ButtonView.swift */ = {isa = PBXFileReference; lastKnownFileType = sourcecode.swift; path = ButtonView.swift; sourceTree = "<group>"; };
		2DAD106D28052E240000ECC3 /* GameDetails.swift */ = {isa = PBXFileReference; lastKnownFileType = sourcecode.swift; path = GameDetails.swift; sourceTree = "<group>"; };
		2DAD107128053B790000ECC3 /* Data+Ext.swift */ = {isa = PBXFileReference; lastKnownFileType = sourcecode.swift; path = "Data+Ext.swift"; sourceTree = "<group>"; };
		2DAD107528053DBC0000ECC3 /* Persistence.swift */ = {isa = PBXFileReference; lastKnownFileType = sourcecode.swift; path = Persistence.swift; sourceTree = "<group>"; };
		2DFA17362804D353004D57A8 /* URLManger.swift */ = {isa = PBXFileReference; lastKnownFileType = sourcecode.swift; path = URLManger.swift; sourceTree = "<group>"; };
		2DFA17382804D3EA004D57A8 /* GameResources.swift */ = {isa = PBXFileReference; lastKnownFileType = sourcecode.swift; path = GameResources.swift; sourceTree = "<group>"; };
		2DFA173A2804DEA9004D57A8 /* UIImageView+Ext.swift */ = {isa = PBXFileReference; lastKnownFileType = sourcecode.swift; path = "UIImageView+Ext.swift"; sourceTree = "<group>"; };
/* End PBXFileReference section */

/* Begin PBXFrameworksBuildPhase section */
		2D343F1528046A2700772908 /* Frameworks */ = {
			isa = PBXFrameworksBuildPhase;
			buildActionMask = 2147483647;
			files = (
			);
			runOnlyForDeploymentPostprocessing = 0;
		};
/* End PBXFrameworksBuildPhase section */

/* Begin PBXGroup section */
		2D343F0F28046A2700772908 = {
			isa = PBXGroup;
			children = (
				2D343F1A28046A2700772908 /* GamyGammes */,
				2D343F1928046A2700772908 /* Products */,
			);
			sourceTree = "<group>";
		};
		2D343F1928046A2700772908 /* Products */ = {
			isa = PBXGroup;
			children = (
				2D343F1828046A2700772908 /* GamyGammes.app */,
			);
			name = Products;
			sourceTree = "<group>";
		};
		2D343F1A28046A2700772908 /* GamyGammes */ = {
			isa = PBXGroup;
			children = (
				2DAD107328053DA10000ECC3 /* Managers */,
				2D343F6E2804B41900772908 /* Model */,
				2D343F4E2804727800772908 /* Theme */,
				2D343F4B2804718000772908 /* Extensions */,
				2D343F472804700500772908 /* CustomViews */,
				2D343F4128046F5D00772908 /* Utils */,
				2D343F3A28046BB800772908 /* Support */,
				2D343F2F28046B5800772908 /* Modules */,
			);
			path = GamyGammes;
			sourceTree = "<group>";
		};
		2D343F2F28046B5800772908 /* Modules */ = {
			isa = PBXGroup;
			children = (
				2DAD10602804EDEB0000ECC3 /* GameDetails */,
				2DAD105D2804EA6E0000ECC3 /* MainTabBar */,
				2D343F3028046B5B00772908 /* GamesList */,
			);
			path = Modules;
			sourceTree = "<group>";
		};
		2D343F3028046B5B00772908 /* GamesList */ = {
			isa = PBXGroup;
			children = (
				2D343F3C28046E2500772908 /* ViewModels */,
				2D343F3B28046E2300772908 /* Model */,
				2D343F3128046B5F00772908 /* View */,
			);
			path = GamesList;
			sourceTree = "<group>";
		};
		2D343F3128046B5F00772908 /* View */ = {
			isa = PBXGroup;
			children = (
				2D343F4428046FE100772908 /* Cells */,
				2D343F3228046B6400772908 /* Controller */,
			);
			path = View;
			sourceTree = "<group>";
		};
		2D343F3228046B6400772908 /* Controller */ = {
			isa = PBXGroup;
			children = (
				2D343F3528046B8E00772908 /* GamesListTableViewController.swift */,
			);
			path = Controller;
			sourceTree = "<group>";
		};
		2D343F3A28046BB800772908 /* Support */ = {
			isa = PBXGroup;
			children = (
				2D343F512804854300772908 /* Fonts */,
				2D343F1B28046A2700772908 /* AppDelegate.swift */,
				2D343F2428046A2700772908 /* Assets.xcassets */,
				2D343F2628046A2700772908 /* LaunchScreen.storyboard */,
				2D343F2928046A2700772908 /* Info.plist */,
			);
			name = Support;
			sourceTree = "<group>";
		};
		2D343F3B28046E2300772908 /* Model */ = {
			isa = PBXGroup;
			children = (
			);
			path = Model;
			sourceTree = "<group>";
		};
		2D343F3C28046E2500772908 /* ViewModels */ = {
			isa = PBXGroup;
			children = (
				2D343F3D28046E9100772908 /* GamesListViewModel.swift */,
				2D343F3F28046EA900772908 /* GameViewModel.swift */,
				2D343F6C2804B3DC00772908 /* State.swift */,
			);
			path = ViewModels;
			sourceTree = "<group>";
		};
		2D343F4128046F5D00772908 /* Utils */ = {
			isa = PBXGroup;
			children = (
				2D343F4228046F6400772908 /* Constants.swift */,
			);
			path = Utils;
			sourceTree = "<group>";
		};
		2D343F4428046FE100772908 /* Cells */ = {
			isa = PBXGroup;
			children = (
				2D343F4528046FE800772908 /* GameTableCell.swift */,
			);
			path = Cells;
			sourceTree = "<group>";
		};
		2D343F472804700500772908 /* CustomViews */ = {
			isa = PBXGroup;
			children = (
				2D343F482804700900772908 /* ImageViews */,
			);
			path = CustomViews;
			sourceTree = "<group>";
		};
		2D343F482804700900772908 /* ImageViews */ = {
			isa = PBXGroup;
			children = (
			);
			path = ImageViews;
			sourceTree = "<group>";
		};
		2D343F4B2804718000772908 /* Extensions */ = {
			isa = PBXGroup;
			children = (
				2D343F4C2804718C00772908 /* UIView+Ext.swift */,
				2D343F792804B9CE00772908 /* UIViewController + Ext.swift */,
				2DFA173A2804DEA9004D57A8 /* UIImageView+Ext.swift */,
				2DAD107128053B790000ECC3 /* Data+Ext.swift */,
			);
			path = Extensions;
			sourceTree = "<group>";
		};
		2D343F4E2804727800772908 /* Theme */ = {
			isa = PBXGroup;
			children = (
				2D343F4F2804728500772908 /* AppTheme.swift */,
			);
			path = Theme;
			sourceTree = "<group>";
		};
		2D343F512804854300772908 /* Fonts */ = {
			isa = PBXGroup;
			children = (
				2D343F632804882600772908 /* SF Pro Display Medium.ttf */,
				2D343F652804886E00772908 /* SF Pro Display Regular.ttf */,
				2D343F672804889600772908 /* SF Pro Display Bold.ttf */,
			);
			path = Fonts;
			sourceTree = "<group>";
		};
		2D343F692804892900772908 /* WebService */ = {
			isa = PBXGroup;
			children = (
				2D343F6A2804893500772908 /* WebService.swift */,
				2D343F7B2804BA7F00772908 /* GameListWebService.swift */,
				2D343F7D2804BA9700772908 /* Resources.swift */,
				2DFA17362804D353004D57A8 /* URLManger.swift */,
				2DFA17382804D3EA004D57A8 /* GameResources.swift */,
			);
			path = WebService;
			sourceTree = "<group>";
		};
		2D343F6E2804B41900772908 /* Model */ = {
			isa = PBXGroup;
			children = (
				2D343F6F2804B41D00772908 /* Game.swift */,
				2DAD106D28052E240000ECC3 /* GameDetails.swift */,
			);
			path = Model;
			sourceTree = "<group>";
		};
		2DAD105D2804EA6E0000ECC3 /* MainTabBar */ = {
			isa = PBXGroup;
			children = (
				2DAD105E2804EA7B0000ECC3 /* MainTabBarController.swift */,
			);
			path = MainTabBar;
			sourceTree = "<group>";
		};
		2DAD10602804EDEB0000ECC3 /* GameDetails */ = {
			isa = PBXGroup;
			children = (
				2DAD10642804EFAF0000ECC3 /* ViewModel */,
				2DAD10612804EDF20000ECC3 /* View */,
			);
			path = GameDetails;
			sourceTree = "<group>";
		};
		2DAD10612804EDF20000ECC3 /* View */ = {
			isa = PBXGroup;
			children = (
				2DAD106A28051FDF0000ECC3 /* CustomView */,
				2DAD10622804EF4B0000ECC3 /* GameDetailsViewController.swift */,
			);
			path = View;
			sourceTree = "<group>";
		};
		2DAD10642804EFAF0000ECC3 /* ViewModel */ = {
			isa = PBXGroup;
			children = (
				2DAD10682804FD1E0000ECC3 /* GameDetailsViewModel.swift */,
			);
			path = ViewModel;
			sourceTree = "<group>";
		};
		2DAD106A28051FDF0000ECC3 /* CustomView */ = {
			isa = PBXGroup;
			children = (
				2DAD106B28051FEF0000ECC3 /* ButtonView.swift */,
			);
			path = CustomView;
			sourceTree = "<group>";
		};
		2DAD107328053DA10000ECC3 /* Managers */ = {
			isa = PBXGroup;
			children = (
				2DAD107428053DB40000ECC3 /* Persistence */,
				2D343F692804892900772908 /* WebService */,
			);
			path = Managers;
			sourceTree = "<group>";
		};
		2DAD107428053DB40000ECC3 /* Persistence */ = {
			isa = PBXGroup;
			children = (
				2DAD107528053DBC0000ECC3 /* Persistence.swift */,
			);
			path = Persistence;
			sourceTree = "<group>";
		};
/* End PBXGroup section */

/* Begin PBXNativeTarget section */
		2D343F1728046A2700772908 /* GamyGammes */ = {
			isa = PBXNativeTarget;
			buildConfigurationList = 2D343F2C28046A2700772908 /* Build configuration list for PBXNativeTarget "GamyGammes" */;
			buildPhases = (
				2D343F1428046A2700772908 /* Sources */,
				2D343F1528046A2700772908 /* Frameworks */,
				2D343F1628046A2700772908 /* Resources */,
			);
			buildRules = (
			);
			dependencies = (
			);
			name = GamyGammes;
			productName = GamyGammes;
			productReference = 2D343F1828046A2700772908 /* GamyGammes.app */;
			productType = "com.apple.product-type.application";
		};
/* End PBXNativeTarget section */

/* Begin PBXProject section */
		2D343F1028046A2700772908 /* Project object */ = {
			isa = PBXProject;
			attributes = {
				BuildIndependentTargetsInParallel = 1;
				LastSwiftUpdateCheck = 1320;
				LastUpgradeCheck = 1320;
				TargetAttributes = {
					2D343F1728046A2700772908 = {
						CreatedOnToolsVersion = 13.2.1;
					};
				};
			};
			buildConfigurationList = 2D343F1328046A2700772908 /* Build configuration list for PBXProject "GamyGammes" */;
			compatibilityVersion = "Xcode 13.0";
			developmentRegion = en;
			hasScannedForEncodings = 0;
			knownRegions = (
				en,
				Base,
			);
			mainGroup = 2D343F0F28046A2700772908;
			productRefGroup = 2D343F1928046A2700772908 /* Products */;
			projectDirPath = "";
			projectRoot = "";
			targets = (
				2D343F1728046A2700772908 /* GamyGammes */,
			);
		};
/* End PBXProject section */

/* Begin PBXResourcesBuildPhase section */
		2D343F1628046A2700772908 /* Resources */ = {
			isa = PBXResourcesBuildPhase;
			buildActionMask = 2147483647;
			files = (
				2D343F2828046A2700772908 /* LaunchScreen.storyboard in Resources */,
				2D343F682804889600772908 /* SF Pro Display Bold.ttf in Resources */,
				2D343F642804882600772908 /* SF Pro Display Medium.ttf in Resources */,
				2D343F662804886E00772908 /* SF Pro Display Regular.ttf in Resources */,
				2D343F2528046A2700772908 /* Assets.xcassets in Resources */,
			);
			runOnlyForDeploymentPostprocessing = 0;
		};
/* End PBXResourcesBuildPhase section */

/* Begin PBXSourcesBuildPhase section */
		2D343F1428046A2700772908 /* Sources */ = {
			isa = PBXSourcesBuildPhase;
			buildActionMask = 2147483647;
			files = (
				2DAD107228053B790000ECC3 /* Data+Ext.swift in Sources */,
				2DAD106E28052E240000ECC3 /* GameDetails.swift in Sources */,
				2D343F6B2804893500772908 /* WebService.swift in Sources */,
				2DAD10692804FD1E0000ECC3 /* GameDetailsViewModel.swift in Sources */,
				2D343F4328046F6400772908 /* Constants.swift in Sources */,
				2DAD105F2804EA7B0000ECC3 /* MainTabBarController.swift in Sources */,
				2D343F4028046EA900772908 /* GameViewModel.swift in Sources */,
				2DFA17392804D3EA004D57A8 /* GameResources.swift in Sources */,
				2D343F6D2804B3DC00772908 /* State.swift in Sources */,
				2DAD107628053DBC0000ECC3 /* Persistence.swift in Sources */,
				2D343F7A2804B9CE00772908 /* UIViewController + Ext.swift in Sources */,
				2D343F4628046FE800772908 /* GameTableCell.swift in Sources */,
				2D343F1C28046A2700772908 /* AppDelegate.swift in Sources */,
				2DAD10632804EF4B0000ECC3 /* GameDetailsViewController.swift in Sources */,
				2D343F702804B41D00772908 /* Game.swift in Sources */,
				2DFA173B2804DEA9004D57A8 /* UIImageView+Ext.swift in Sources */,
				2DFA17372804D353004D57A8 /* URLManger.swift in Sources */,
				2D343F4D2804718C00772908 /* UIView+Ext.swift in Sources */,
				2D343F7E2804BA9700772908 /* Resources.swift in Sources */,
				2D343F502804728500772908 /* AppTheme.swift in Sources */,
				2D343F3E28046E9100772908 /* GamesListViewModel.swift in Sources */,
				2D343F7C2804BA7F00772908 /* GameListWebService.swift in Sources */,
				2D343F3628046B8E00772908 /* GamesListTableViewController.swift in Sources */,
				2DAD106C28051FEF0000ECC3 /* ButtonView.swift in Sources */,
			);
			runOnlyForDeploymentPostprocessing = 0;
		};
/* End PBXSourcesBuildPhase section */

/* Begin PBXVariantGroup section */
		2D343F2628046A2700772908 /* LaunchScreen.storyboard */ = {
			isa = PBXVariantGroup;
			children = (
				2D343F2728046A2700772908 /* Base */,
			);
			name = LaunchScreen.storyboard;
			sourceTree = "<group>";
		};
/* End PBXVariantGroup section */

/* Begin XCBuildConfiguration section */
		2D343F2A28046A2700772908 /* Debug */ = {
			isa = XCBuildConfiguration;
			buildSettings = {
				ALWAYS_SEARCH_USER_PATHS = NO;
				CLANG_ANALYZER_NONNULL = YES;
				CLANG_ANALYZER_NUMBER_OBJECT_CONVERSION = YES_AGGRESSIVE;
				CLANG_CXX_LANGUAGE_STANDARD = "gnu++17";
				CLANG_CXX_LIBRARY = "libc++";
				CLANG_ENABLE_MODULES = YES;
				CLANG_ENABLE_OBJC_ARC = YES;
				CLANG_ENABLE_OBJC_WEAK = YES;
				CLANG_WARN_BLOCK_CAPTURE_AUTORELEASING = YES;
				CLANG_WARN_BOOL_CONVERSION = YES;
				CLANG_WARN_COMMA = YES;
				CLANG_WARN_CONSTANT_CONVERSION = YES;
				CLANG_WARN_DEPRECATED_OBJC_IMPLEMENTATIONS = YES;
				CLANG_WARN_DIRECT_OBJC_ISA_USAGE = YES_ERROR;
				CLANG_WARN_DOCUMENTATION_COMMENTS = YES;
				CLANG_WARN_EMPTY_BODY = YES;
				CLANG_WARN_ENUM_CONVERSION = YES;
				CLANG_WARN_INFINITE_RECURSION = YES;
				CLANG_WARN_INT_CONVERSION = YES;
				CLANG_WARN_NON_LITERAL_NULL_CONVERSION = YES;
				CLANG_WARN_OBJC_IMPLICIT_RETAIN_SELF = YES;
				CLANG_WARN_OBJC_LITERAL_CONVERSION = YES;
				CLANG_WARN_OBJC_ROOT_CLASS = YES_ERROR;
				CLANG_WARN_QUOTED_INCLUDE_IN_FRAMEWORK_HEADER = YES;
				CLANG_WARN_RANGE_LOOP_ANALYSIS = YES;
				CLANG_WARN_STRICT_PROTOTYPES = YES;
				CLANG_WARN_SUSPICIOUS_MOVE = YES;
				CLANG_WARN_UNGUARDED_AVAILABILITY = YES_AGGRESSIVE;
				CLANG_WARN_UNREACHABLE_CODE = YES;
				CLANG_WARN__DUPLICATE_METHOD_MATCH = YES;
				COPY_PHASE_STRIP = NO;
				DEBUG_INFORMATION_FORMAT = dwarf;
				ENABLE_STRICT_OBJC_MSGSEND = YES;
				ENABLE_TESTABILITY = YES;
				GCC_C_LANGUAGE_STANDARD = gnu11;
				GCC_DYNAMIC_NO_PIC = NO;
				GCC_NO_COMMON_BLOCKS = YES;
				GCC_OPTIMIZATION_LEVEL = 0;
				GCC_PREPROCESSOR_DEFINITIONS = (
					"DEBUG=1",
					"$(inherited)",
				);
				GCC_WARN_64_TO_32_BIT_CONVERSION = YES;
				GCC_WARN_ABOUT_RETURN_TYPE = YES_ERROR;
				GCC_WARN_UNDECLARED_SELECTOR = YES;
				GCC_WARN_UNINITIALIZED_AUTOS = YES_AGGRESSIVE;
				GCC_WARN_UNUSED_FUNCTION = YES;
				GCC_WARN_UNUSED_VARIABLE = YES;
				IPHONEOS_DEPLOYMENT_TARGET = 15.2;
				MTL_ENABLE_DEBUG_INFO = INCLUDE_SOURCE;
				MTL_FAST_MATH = YES;
				ONLY_ACTIVE_ARCH = YES;
				SDKROOT = iphoneos;
				SWIFT_ACTIVE_COMPILATION_CONDITIONS = DEBUG;
				SWIFT_OPTIMIZATION_LEVEL = "-Onone";
			};
			name = Debug;
		};
		2D343F2B28046A2700772908 /* Release */ = {
			isa = XCBuildConfiguration;
			buildSettings = {
				ALWAYS_SEARCH_USER_PATHS = NO;
				CLANG_ANALYZER_NONNULL = YES;
				CLANG_ANALYZER_NUMBER_OBJECT_CONVERSION = YES_AGGRESSIVE;
				CLANG_CXX_LANGUAGE_STANDARD = "gnu++17";
				CLANG_CXX_LIBRARY = "libc++";
				CLANG_ENABLE_MODULES = YES;
				CLANG_ENABLE_OBJC_ARC = YES;
				CLANG_ENABLE_OBJC_WEAK = YES;
				CLANG_WARN_BLOCK_CAPTURE_AUTORELEASING = YES;
				CLANG_WARN_BOOL_CONVERSION = YES;
				CLANG_WARN_COMMA = YES;
				CLANG_WARN_CONSTANT_CONVERSION = YES;
				CLANG_WARN_DEPRECATED_OBJC_IMPLEMENTATIONS = YES;
				CLANG_WARN_DIRECT_OBJC_ISA_USAGE = YES_ERROR;
				CLANG_WARN_DOCUMENTATION_COMMENTS = YES;
				CLANG_WARN_EMPTY_BODY = YES;
				CLANG_WARN_ENUM_CONVERSION = YES;
				CLANG_WARN_INFINITE_RECURSION = YES;
				CLANG_WARN_INT_CONVERSION = YES;
				CLANG_WARN_NON_LITERAL_NULL_CONVERSION = YES;
				CLANG_WARN_OBJC_IMPLICIT_RETAIN_SELF = YES;
				CLANG_WARN_OBJC_LITERAL_CONVERSION = YES;
				CLANG_WARN_OBJC_ROOT_CLASS = YES_ERROR;
				CLANG_WARN_QUOTED_INCLUDE_IN_FRAMEWORK_HEADER = YES;
				CLANG_WARN_RANGE_LOOP_ANALYSIS = YES;
				CLANG_WARN_STRICT_PROTOTYPES = YES;
				CLANG_WARN_SUSPICIOUS_MOVE = YES;
				CLANG_WARN_UNGUARDED_AVAILABILITY = YES_AGGRESSIVE;
				CLANG_WARN_UNREACHABLE_CODE = YES;
				CLANG_WARN__DUPLICATE_METHOD_MATCH = YES;
				COPY_PHASE_STRIP = NO;
				DEBUG_INFORMATION_FORMAT = "dwarf-with-dsym";
				ENABLE_NS_ASSERTIONS = NO;
				ENABLE_STRICT_OBJC_MSGSEND = YES;
				GCC_C_LANGUAGE_STANDARD = gnu11;
				GCC_NO_COMMON_BLOCKS = YES;
				GCC_WARN_64_TO_32_BIT_CONVERSION = YES;
				GCC_WARN_ABOUT_RETURN_TYPE = YES_ERROR;
				GCC_WARN_UNDECLARED_SELECTOR = YES;
				GCC_WARN_UNINITIALIZED_AUTOS = YES_AGGRESSIVE;
				GCC_WARN_UNUSED_FUNCTION = YES;
				GCC_WARN_UNUSED_VARIABLE = YES;
				IPHONEOS_DEPLOYMENT_TARGET = 15.2;
				MTL_ENABLE_DEBUG_INFO = NO;
				MTL_FAST_MATH = YES;
				SDKROOT = iphoneos;
				SWIFT_COMPILATION_MODE = wholemodule;
				SWIFT_OPTIMIZATION_LEVEL = "-O";
				VALIDATE_PRODUCT = YES;
			};
			name = Release;
		};
		2D343F2D28046A2700772908 /* Debug */ = {
			isa = XCBuildConfiguration;
			buildSettings = {
				ASSETCATALOG_COMPILER_APPICON_NAME = AppIcon;
				ASSETCATALOG_COMPILER_GLOBAL_ACCENT_COLOR_NAME = AccentColor;
				CODE_SIGN_STYLE = Automatic;
				CURRENT_PROJECT_VERSION = 1;
				GENERATE_INFOPLIST_FILE = YES;
				INFOPLIST_FILE = GamyGammes/Info.plist;
				INFOPLIST_KEY_UIApplicationSupportsIndirectInputEvents = YES;
				INFOPLIST_KEY_UILaunchStoryboardName = LaunchScreen;
				INFOPLIST_KEY_UISupportedInterfaceOrientations_iPad = "UIInterfaceOrientationPortrait UIInterfaceOrientationPortraitUpsideDown UIInterfaceOrientationLandscapeLeft UIInterfaceOrientationLandscapeRight";
				INFOPLIST_KEY_UISupportedInterfaceOrientations_iPhone = "UIInterfaceOrientationPortrait UIInterfaceOrientationLandscapeLeft UIInterfaceOrientationLandscapeRight";
				IPHONEOS_DEPLOYMENT_TARGET = 11.0;
				LD_RUNPATH_SEARCH_PATHS = (
					"$(inherited)",
					"@executable_path/Frameworks",
				);
				MARKETING_VERSION = 1.0;
				PRODUCT_BUNDLE_IDENTIFIER = com.atabany.GamyGammes;
				PRODUCT_NAME = "$(TARGET_NAME)";
				SWIFT_EMIT_LOC_STRINGS = YES;
				SWIFT_VERSION = 5.0;
				TARGETED_DEVICE_FAMILY = "1,2";
			};
			name = Debug;
		};
		2D343F2E28046A2700772908 /* Release */ = {
			isa = XCBuildConfiguration;
			buildSettings = {
				ASSETCATALOG_COMPILER_APPICON_NAME = AppIcon;
				ASSETCATALOG_COMPILER_GLOBAL_ACCENT_COLOR_NAME = AccentColor;
				CODE_SIGN_STYLE = Automatic;
				CURRENT_PROJECT_VERSION = 1;
				GENERATE_INFOPLIST_FILE = YES;
				INFOPLIST_FILE = GamyGammes/Info.plist;
				INFOPLIST_KEY_UIApplicationSupportsIndirectInputEvents = YES;
				INFOPLIST_KEY_UILaunchStoryboardName = LaunchScreen;
				INFOPLIST_KEY_UISupportedInterfaceOrientations_iPad = "UIInterfaceOrientationPortrait UIInterfaceOrientationPortraitUpsideDown UIInterfaceOrientationLandscapeLeft UIInterfaceOrientationLandscapeRight";
				INFOPLIST_KEY_UISupportedInterfaceOrientations_iPhone = "UIInterfaceOrientationPortrait UIInterfaceOrientationLandscapeLeft UIInterfaceOrientationLandscapeRight";
				IPHONEOS_DEPLOYMENT_TARGET = 11.0;
				LD_RUNPATH_SEARCH_PATHS = (
					"$(inherited)",
					"@executable_path/Frameworks",
				);
				MARKETING_VERSION = 1.0;
				PRODUCT_BUNDLE_IDENTIFIER = com.atabany.GamyGammes;
				PRODUCT_NAME = "$(TARGET_NAME)";
				SWIFT_EMIT_LOC_STRINGS = YES;
				SWIFT_VERSION = 5.0;
				TARGETED_DEVICE_FAMILY = "1,2";
			};
			name = Release;
		};
/* End XCBuildConfiguration section */

/* Begin XCConfigurationList section */
		2D343F1328046A2700772908 /* Build configuration list for PBXProject "GamyGammes" */ = {
			isa = XCConfigurationList;
			buildConfigurations = (
				2D343F2A28046A2700772908 /* Debug */,
				2D343F2B28046A2700772908 /* Release */,
			);
			defaultConfigurationIsVisible = 0;
			defaultConfigurationName = Release;
		};
		2D343F2C28046A2700772908 /* Build configuration list for PBXNativeTarget "GamyGammes" */ = {
			isa = XCConfigurationList;
			buildConfigurations = (
				2D343F2D28046A2700772908 /* Debug */,
				2D343F2E28046A2700772908 /* Release */,
			);
			defaultConfigurationIsVisible = 0;
			defaultConfigurationName = Release;
		};
/* End XCConfigurationList section */
	};
	rootObject = 2D343F1028046A2700772908 /* Project object */;
}
